
Microsoft Visual Studio Solution File, Format Version 12.00
# Visual Studio 15
VisualStudioVersion = 15.0.26730.3
MinimumVisualStudioVersion = 10.0.40219.1
Project("{9A19103F-16F7-4668-BE54-9A1E7A4F7556}") = "Octopus.Diagnostics", "Octopus.Diagnostics\Octopus.Diagnostics.csproj", "{89FE7423-3FA2-49D3-B28E-186A4105071E}"
EndProject
Project("{FAE04EC0-301F-11D3-BF4B-00C04F79EFBC}") = "Tests", "Tests\Tests.csproj", "{4BFA775C-6B63-4860-9EEE-B2B8FFEB9CC1}"
EndProject
Project("{2150E333-8FDC-42A3-9474-1A3956D46DE8}") = "_", "_", "{C53C629D-70E8-4140-BA6E-8DF610B2B288}"
ProjectSection(SolutionItems) = preProject
	..\.gitattributes = ..\.gitattributes
	..\.gitignore = ..\.gitignore
	..\build.cake = ..\build.cake
	..\build.cmd = ..\build.cmd
	..\build.ps1 = ..\build.ps1
	..\CONTRIBUTING.md = ..\CONTRIBUTING.md
	..\GitVersion.yml = ..\GitVersion.yml
	..\LICENSE.txt = ..\LICENSE.txt
	..\readme.md = ..\readme.md
EndProjectSection
EndProject
Project("{2150E333-8FDC-42A3-9474-1A3956D46DE8}") = "source", "source", "{689CFC48-F2DC-4A32-B1C8-D1E87B8C32A0}"
ProjectSection(SolutionItems) = preProject
	OctopusDiagnostics.sln.DotSettings = OctopusDiagnostics.sln.DotSettings
EndProjectSection
EndProject
Project("{9A19103F-16F7-4668-BE54-9A1E7A4F7556}") = "_build", "..\build\_build.csproj", "{056588C9-2340-499D-875C-ED5289D82549}"
EndProject
Global
	GlobalSection(SolutionConfigurationPlatforms) = preSolution
		Debug|Any CPU = Debug|Any CPU
		Release|Any CPU = Release|Any CPU
	EndGlobalSection
	GlobalSection(ProjectConfigurationPlatforms) = postSolution
		{056588C9-2340-499D-875C-ED5289D82549}.Debug|Any CPU.ActiveCfg = Debug|Any CPU
		{056588C9-2340-499D-875C-ED5289D82549}.Release|Any CPU.ActiveCfg = Release|Any CPU
		{89FE7423-3FA2-49D3-B28E-186A4105071E}.Debug|Any CPU.ActiveCfg = Debug|Any CPU
		{89FE7423-3FA2-49D3-B28E-186A4105071E}.Debug|Any CPU.Build.0 = Debug|Any CPU
		{89FE7423-3FA2-49D3-B28E-186A4105071E}.Release|Any CPU.ActiveCfg = Release|Any CPU
		{89FE7423-3FA2-49D3-B28E-186A4105071E}.Release|Any CPU.Build.0 = Release|Any CPU
		{4BFA775C-6B63-4860-9EEE-B2B8FFEB9CC1}.Debug|Any CPU.ActiveCfg = Debug|Any CPU
		{4BFA775C-6B63-4860-9EEE-B2B8FFEB9CC1}.Debug|Any CPU.Build.0 = Debug|Any CPU
		{4BFA775C-6B63-4860-9EEE-B2B8FFEB9CC1}.Release|Any CPU.ActiveCfg = Release|Any CPU
		{4BFA775C-6B63-4860-9EEE-B2B8FFEB9CC1}.Release|Any CPU.Build.0 = Release|Any CPU
	EndGlobalSection
	GlobalSection(SolutionProperties) = preSolution
		HideSolutionNode = FALSE
	EndGlobalSection
	GlobalSection(ExtensibilityGlobals) = postSolution
		SolutionGuid = {286812EE-911C-4AB5-8CDB-BFEBEED6FD00}
	EndGlobalSection
EndGlobal
